
Microsoft Visual Studio Solution File, Format Version 12.00
# Visual Studio Version 16
VisualStudioVersion = 16.0.31605.320
MinimumVisualStudioVersion = 10.0.40219.1
Project("{9A19103F-16F7-4668-BE54-9A1E7A4F7556}") = "Entities", "Entities\Entities.csproj", "{90D85338-38FB-4EC0-93B0-1FD35C183F3B}"
EndProject
Project("{9A19103F-16F7-4668-BE54-9A1E7A4F7556}") = "DataAccess", "DataAccess\DataAccess.csproj", "{CE0FC68B-D7FE-4926-AE22-D92CD104D000}"
EndProject
Project("{9A19103F-16F7-4668-BE54-9A1E7A4F7556}") = "Business", "Business\Business.csproj", "{3343733E-8B9E-4F22-B2D4-1774454D1B16}"
EndProject
Project("{FAE04EC0-301F-11D3-BF4B-00C04F79EFBC}") = "ConsoleUITester", "ConsoleUITester\ConsoleUITester.csproj", "{F06EDADF-A3B5-400F-A1A1-DC56090A2570}"
EndProject
Project("{FAE04EC0-301F-11D3-BF4B-00C04F79EFBC}") = "MainApp", "MainApp\MainApp.csproj", "{432E22D4-A299-4994-A9B0-78752BC9A455}"
EndProject
Global
	GlobalSection(SolutionConfigurationPlatforms) = preSolution
		Debug|Any CPU = Debug|Any CPU
		Release|Any CPU = Release|Any CPU
	EndGlobalSection
	GlobalSection(ProjectConfigurationPlatforms) = postSolution
		{90D85338-38FB-4EC0-93B0-1FD35C183F3B}.Debug|Any CPU.ActiveCfg = Debug|Any CPU
		{90D85338-38FB-4EC0-93B0-1FD35C183F3B}.Debug|Any CPU.Build.0 = Debug|Any CPU
		{90D85338-38FB-4EC0-93B0-1FD35C183F3B}.Release|Any CPU.ActiveCfg = Release|Any CPU
		{90D85338-38FB-4EC0-93B0-1FD35C183F3B}.Release|Any CPU.Build.0 = Release|Any CPU
		{CE0FC68B-D7FE-4926-AE22-D92CD104D000}.Debug|Any CPU.ActiveCfg = Debug|Any CPU
		{CE0FC68B-D7FE-4926-AE22-D92CD104D000}.Debug|Any CPU.Build.0 = Debug|Any CPU
		{CE0FC68B-D7FE-4926-AE22-D92CD104D000}.Release|Any CPU.ActiveCfg = Release|Any CPU
		{CE0FC68B-D7FE-4926-AE22-D92CD104D000}.Release|Any CPU.Build.0 = Release|Any CPU
		{3343733E-8B9E-4F22-B2D4-1774454D1B16}.Debug|Any CPU.ActiveCfg = Debug|Any CPU
		{3343733E-8B9E-4F22-B2D4-1774454D1B16}.Debug|Any CPU.Build.0 = Debug|Any CPU
		{3343733E-8B9E-4F22-B2D4-1774454D1B16}.Release|Any CPU.ActiveCfg = Release|Any CPU
		{3343733E-8B9E-4F22-B2D4-1774454D1B16}.Release|Any CPU.Build.0 = Release|Any CPU
		{F06EDADF-A3B5-400F-A1A1-DC56090A2570}.Debug|Any CPU.ActiveCfg = Debug|Any CPU
		{F06EDADF-A3B5-400F-A1A1-DC56090A2570}.Debug|Any CPU.Build.0 = Debug|Any CPU
		{F06EDADF-A3B5-400F-A1A1-DC56090A2570}.Release|Any CPU.ActiveCfg = Release|Any CPU
		{F06EDADF-A3B5-400F-A1A1-DC56090A2570}.Release|Any CPU.Build.0 = Release|Any CPU
		{432E22D4-A299-4994-A9B0-78752BC9A455}.Debug|Any CPU.ActiveCfg = Debug|Any CPU
		{432E22D4-A299-4994-A9B0-78752BC9A455}.Debug|Any CPU.Build.0 = Debug|Any CPU
		{432E22D4-A299-4994-A9B0-78752BC9A455}.Release|Any CPU.ActiveCfg = Release|Any CPU
		{432E22D4-A299-4994-A9B0-78752BC9A455}.Release|Any CPU.Build.0 = Release|Any CPU
	EndGlobalSection
	GlobalSection(SolutionProperties) = preSolution
		HideSolutionNode = FALSE
	EndGlobalSection
	GlobalSection(ExtensibilityGlobals) = postSolution
		SolutionGuid = {173F647B-FB95-43DD-9570-C64F60168A32}
	EndGlobalSection
EndGlobal
